
Microsoft Visual Studio Solution File, Format Version 12.00
Project("{FAE04EC0-301F-11D3-BF4B-00C04F79EFBC}") = "Feetur.Application", "Feetur.Application\Feetur.Application.csproj", "{C875E34C-A863-49DA-AA02-2BBDBDAD180E}"
EndProject
Project("{FAE04EC0-301F-11D3-BF4B-00C04F79EFBC}") = "Feetur.Management", "Feetur.Management\Feetur.Management.csproj", "{ABE23C06-ED32-4DDD-A474-D5EFF92B9C7C}"
EndProject
Project("{FAE04EC0-301F-11D3-BF4B-00C04F79EFBC}") = "Feetur.Application.Test", "Feetur.Application.Test\Feetur.Application.Test.csproj", "{8FE332A3-E969-4CCE-A1BB-ABB4856159B8}"
EndProject
Project("{FAE04EC0-301F-11D3-BF4B-00C04F79EFBC}") = "Feetur.Client", "Feetur.Client\Feetur.Client.csproj", "{994C14E2-9F1C-4B2E-BAB5-9C43380B1578}"
EndProject
Project("{FAE04EC0-301F-11D3-BF4B-00C04F79EFBC}") = "Feetur.Client.Test", "Feetur.Client.Test\Feetur.Client.Test.csproj", "{B64F6946-CCEA-47BF-95F9-E596523E3F26}"
EndProject
Project("{2150E333-8FDC-42A3-9474-1A3956D46DE8}") = "01. Solution", "01. Solution", "{D815F327-CD20-44B4-AE31-BC42335D1430}"
	ProjectSection(SolutionItems) = preProject
		.gitignore = .gitignore
		README.md = README.md
	EndProjectSection
EndProject
Project("{FAE04EC0-301F-11D3-BF4B-00C04F79EFBC}") = "Feetur.Infrastructure.Data.SQLite", "Feetur.Infrastructure.Data.SQLite\Feetur.Infrastructure.Data.SQLite.csproj", "{1114FF85-C7B2-41DA-B558-37528166C765}"
EndProject
Project("{2150E333-8FDC-42A3-9474-1A3956D46DE8}") = "04. Infrastructure", "04. Infrastructure", "{346E1063-2F43-462B-B066-C6EFEFD49869}"
EndProject
Project("{2150E333-8FDC-42A3-9474-1A3956D46DE8}") = "03. Application", "03. Application", "{B264E9A3-F1AF-4954-AAD1-F1C514268F89}"
EndProject
Project("{2150E333-8FDC-42A3-9474-1A3956D46DE8}") = "05. Client", "05. Client", "{35441911-FA54-4CB2-8599-7F7A4C3890FB}"
EndProject
Project("{FAE04EC0-301F-11D3-BF4B-00C04F79EFBC}") = "Feetur.Api", "Feetur.Api\Feetur.Api.csproj", "{4ED52AE7-16F9-4E7D-8ADA-F0E641DC9447}"
EndProject
Project("{FAE04EC0-301F-11D3-BF4B-00C04F79EFBC}") = "Feetur.Client.Test.Console", "Feetur.Client.Test.Console\Feetur.Client.Test.Console.csproj", "{1AA502F3-2396-4D1D-A71B-18E2749D1C6B}"
EndProject
Project("{2150E333-8FDC-42A3-9474-1A3956D46DE8}") = "06. API", "06. API", "{962EFE81-A701-4F91-9551-091B638EB8F6}"
EndProject
Project("{FAE04EC0-301F-11D3-BF4B-00C04F79EFBC}") = "Feetur.Api.Test", "Feetur.Api.Test\Feetur.Api.Test.csproj", "{6D7056E7-B9F1-4AA2-90D7-A8DEC8EBB55F}"
EndProject
Project("{FAE04EC0-301F-11D3-BF4B-00C04F79EFBC}") = "Feetur.Application.Data", "Feetur.Application.Data\Feetur.Application.Data.csproj", "{272248AB-74ED-4158-AAC0-1DD38E24F404}"
EndProject
Project("{FAE04EC0-301F-11D3-BF4B-00C04F79EFBC}") = "Feetur.Infrastructure.Data", "Feetur.Infrastructure.Data\Feetur.Infrastructure.Data.csproj", "{6B8D5303-2B8A-452E-8A92-6819231D2018}"
EndProject
Global
	GlobalSection(SolutionConfigurationPlatforms) = preSolution
		Debug|Any CPU = Debug|Any CPU
		Release|Any CPU = Release|Any CPU
	EndGlobalSection
	GlobalSection(ProjectConfigurationPlatforms) = postSolution
		{C875E34C-A863-49DA-AA02-2BBDBDAD180E}.Debug|Any CPU.ActiveCfg = Debug|Any CPU
		{C875E34C-A863-49DA-AA02-2BBDBDAD180E}.Debug|Any CPU.Build.0 = Debug|Any CPU
		{C875E34C-A863-49DA-AA02-2BBDBDAD180E}.Release|Any CPU.ActiveCfg = Release|Any CPU
		{C875E34C-A863-49DA-AA02-2BBDBDAD180E}.Release|Any CPU.Build.0 = Release|Any CPU
		{ABE23C06-ED32-4DDD-A474-D5EFF92B9C7C}.Debug|Any CPU.ActiveCfg = Debug|Any CPU
		{ABE23C06-ED32-4DDD-A474-D5EFF92B9C7C}.Debug|Any CPU.Build.0 = Debug|Any CPU
		{ABE23C06-ED32-4DDD-A474-D5EFF92B9C7C}.Release|Any CPU.ActiveCfg = Release|Any CPU
		{ABE23C06-ED32-4DDD-A474-D5EFF92B9C7C}.Release|Any CPU.Build.0 = Release|Any CPU
		{8FE332A3-E969-4CCE-A1BB-ABB4856159B8}.Debug|Any CPU.ActiveCfg = Debug|Any CPU
		{8FE332A3-E969-4CCE-A1BB-ABB4856159B8}.Debug|Any CPU.Build.0 = Debug|Any CPU
		{8FE332A3-E969-4CCE-A1BB-ABB4856159B8}.Release|Any CPU.ActiveCfg = Release|Any CPU
		{8FE332A3-E969-4CCE-A1BB-ABB4856159B8}.Release|Any CPU.Build.0 = Release|Any CPU
		{994C14E2-9F1C-4B2E-BAB5-9C43380B1578}.Debug|Any CPU.ActiveCfg = Debug|Any CPU
		{994C14E2-9F1C-4B2E-BAB5-9C43380B1578}.Debug|Any CPU.Build.0 = Debug|Any CPU
		{994C14E2-9F1C-4B2E-BAB5-9C43380B1578}.Release|Any CPU.ActiveCfg = Release|Any CPU
		{994C14E2-9F1C-4B2E-BAB5-9C43380B1578}.Release|Any CPU.Build.0 = Release|Any CPU
		{B64F6946-CCEA-47BF-95F9-E596523E3F26}.Debug|Any CPU.ActiveCfg = Debug|Any CPU
		{B64F6946-CCEA-47BF-95F9-E596523E3F26}.Debug|Any CPU.Build.0 = Debug|Any CPU
		{B64F6946-CCEA-47BF-95F9-E596523E3F26}.Release|Any CPU.ActiveCfg = Release|Any CPU
		{B64F6946-CCEA-47BF-95F9-E596523E3F26}.Release|Any CPU.Build.0 = Release|Any CPU
		{6E8067AA-BF59-4EB4-A852-05878DFA7012}.Debug|Any CPU.ActiveCfg = Debug|Any CPU
		{6E8067AA-BF59-4EB4-A852-05878DFA7012}.Debug|Any CPU.Build.0 = Debug|Any CPU
		{6E8067AA-BF59-4EB4-A852-05878DFA7012}.Release|Any CPU.ActiveCfg = Release|Any CPU
		{6E8067AA-BF59-4EB4-A852-05878DFA7012}.Release|Any CPU.Build.0 = Release|Any CPU
		{1114FF85-C7B2-41DA-B558-37528166C765}.Debug|Any CPU.ActiveCfg = Debug|Any CPU
		{1114FF85-C7B2-41DA-B558-37528166C765}.Debug|Any CPU.Build.0 = Debug|Any CPU
		{1114FF85-C7B2-41DA-B558-37528166C765}.Release|Any CPU.ActiveCfg = Release|Any CPU
		{1114FF85-C7B2-41DA-B558-37528166C765}.Release|Any CPU.Build.0 = Release|Any CPU
		{4ED52AE7-16F9-4E7D-8ADA-F0E641DC9447}.Debug|Any CPU.ActiveCfg = Debug|Any CPU
		{4ED52AE7-16F9-4E7D-8ADA-F0E641DC9447}.Debug|Any CPU.Build.0 = Debug|Any CPU
		{4ED52AE7-16F9-4E7D-8ADA-F0E641DC9447}.Release|Any CPU.ActiveCfg = Release|Any CPU
		{4ED52AE7-16F9-4E7D-8ADA-F0E641DC9447}.Release|Any CPU.Build.0 = Release|Any CPU
		{1AA502F3-2396-4D1D-A71B-18E2749D1C6B}.Debug|Any CPU.ActiveCfg = Debug|Any CPU
		{1AA502F3-2396-4D1D-A71B-18E2749D1C6B}.Debug|Any CPU.Build.0 = Debug|Any CPU
		{1AA502F3-2396-4D1D-A71B-18E2749D1C6B}.Release|Any CPU.ActiveCfg = Release|Any CPU
		{1AA502F3-2396-4D1D-A71B-18E2749D1C6B}.Release|Any CPU.Build.0 = Release|Any CPU
		{6D7056E7-B9F1-4AA2-90D7-A8DEC8EBB55F}.Debug|Any CPU.ActiveCfg = Debug|Any CPU
		{6D7056E7-B9F1-4AA2-90D7-A8DEC8EBB55F}.Debug|Any CPU.Build.0 = Debug|Any CPU
		{6D7056E7-B9F1-4AA2-90D7-A8DEC8EBB55F}.Release|Any CPU.ActiveCfg = Release|Any CPU
		{6D7056E7-B9F1-4AA2-90D7-A8DEC8EBB55F}.Release|Any CPU.Build.0 = Release|Any CPU
		{272248AB-74ED-4158-AAC0-1DD38E24F404}.Debug|Any CPU.ActiveCfg = Debug|Any CPU
		{272248AB-74ED-4158-AAC0-1DD38E24F404}.Debug|Any CPU.Build.0 = Debug|Any CPU
		{272248AB-74ED-4158-AAC0-1DD38E24F404}.Release|Any CPU.ActiveCfg = Release|Any CPU
		{272248AB-74ED-4158-AAC0-1DD38E24F404}.Release|Any CPU.Build.0 = Release|Any CPU
		{6B8D5303-2B8A-452E-8A92-6819231D2018}.Debug|Any CPU.ActiveCfg = Debug|Any CPU
		{6B8D5303-2B8A-452E-8A92-6819231D2018}.Debug|Any CPU.Build.0 = Debug|Any CPU
		{6B8D5303-2B8A-452E-8A92-6819231D2018}.Release|Any CPU.ActiveCfg = Release|Any CPU
		{6B8D5303-2B8A-452E-8A92-6819231D2018}.Release|Any CPU.Build.0 = Release|Any CPU
	EndGlobalSection
	GlobalSection(NestedProjects) = preSolution
		{1114FF85-C7B2-41DA-B558-37528166C765} = {346E1063-2F43-462B-B066-C6EFEFD49869}
		{C875E34C-A863-49DA-AA02-2BBDBDAD180E} = {B264E9A3-F1AF-4954-AAD1-F1C514268F89}
		{8FE332A3-E969-4CCE-A1BB-ABB4856159B8} = {B264E9A3-F1AF-4954-AAD1-F1C514268F89}
		{994C14E2-9F1C-4B2E-BAB5-9C43380B1578} = {35441911-FA54-4CB2-8599-7F7A4C3890FB}
		{B64F6946-CCEA-47BF-95F9-E596523E3F26} = {35441911-FA54-4CB2-8599-7F7A4C3890FB}
		{1AA502F3-2396-4D1D-A71B-18E2749D1C6B} = {35441911-FA54-4CB2-8599-7F7A4C3890FB}
		{4ED52AE7-16F9-4E7D-8ADA-F0E641DC9447} = {962EFE81-A701-4F91-9551-091B638EB8F6}
		{6D7056E7-B9F1-4AA2-90D7-A8DEC8EBB55F} = {962EFE81-A701-4F91-9551-091B638EB8F6}
		{272248AB-74ED-4158-AAC0-1DD38E24F404} = {B264E9A3-F1AF-4954-AAD1-F1C514268F89}
		{6B8D5303-2B8A-452E-8A92-6819231D2018} = {346E1063-2F43-462B-B066-C6EFEFD49869}
	EndGlobalSection
EndGlobal
